
Microsoft Visual Studio Solution File, Format Version 12.00
# Visual Studio 15
VisualStudioVersion = 15.0.26730.12
MinimumVisualStudioVersion = 10.0.40219.1
Project("{8BC9CEB8-8B4A-11D0-8D11-00A0C91BC942}") = "Symbol_Massives", "Symbol_Massives\Symbol_Massives.vcxproj", "{28C6599A-45AC-4E16-8DD6-C574A0A3F806}"
EndProject
Global
	GlobalSection(SolutionConfigurationPlatforms) = preSolution
		Debug|x64 = Debug|x64
		Debug|x86 = Debug|x86
		Release|x64 = Release|x64
		Release|x86 = Release|x86
	EndGlobalSection
	GlobalSection(ProjectConfigurationPlatforms) = postSolution
		{28C6599A-45AC-4E16-8DD6-C574A0A3F806}.Debug|x64.ActiveCfg = Debug|x64
		{28C6599A-45AC-4E16-8DD6-C574A0A3F806}.Debug|x64.Build.0 = Debug|x64
		{28C6599A-45AC-4E16-8DD6-C574A0A3F806}.Debug|x86.ActiveCfg = Debug|Win32
		{28C6599A-45AC-4E16-8DD6-C574A0A3F806}.Debug|x86.Build.0 = Debug|Win32
		{28C6599A-45AC-4E16-8DD6-C574A0A3F806}.Release|x64.ActiveCfg = Release|x64
		{28C6599A-45AC-4E16-8DD6-C574A0A3F806}.Release|x64.Build.0 = Release|x64
		{28C6599A-45AC-4E16-8DD6-C574A0A3F806}.Release|x86.ActiveCfg = Release|Win32
		{28C6599A-45AC-4E16-8DD6-C574A0A3F806}.Release|x86.Build.0 = Release|Win32
	EndGlobalSection
	GlobalSection(SolutionProperties) = preSolution
		HideSolutionNode = FALSE
	EndGlobalSection
	GlobalSection(ExtensibilityGlobals) = postSolution
		SolutionGuid = {569C1D86-C634-41B0-9924-469AEFF260B0}
	EndGlobalSection
EndGlobal
